{
  "name": "miniapp",
  "lockfileVersion": 2,
  "requires": true,
  "packages": {
    "": {
      "dependencies": {
        "@authing/miniapp-wx": "^5.1.2",
        "@vant/weapp": "*"
      }
    },
    "node_modules/@authing/miniapp-wx": {
      "version": "5.1.2",
      "resolved": "https://registry.npmjs.org/@authing/miniapp-wx/-/miniapp-wx-5.1.2.tgz",
      "integrity": "sha512-Ak1Br1hvMwX5oRZsFGqm41jZKOjmzn2MKtFZ7o5jXuMzDDMPLsCt9O72+uNVWZubKbKY4UQ2kS1NDd6lnkfLww=="
    },
    "node_modules/@vant/weapp": {
      "version": "1.10.10",
      "resolved": "https://registry.npmjs.org/@vant/weapp/-/weapp-1.10.10.tgz",
      "integrity": "sha512-rNE38/xO/GChOAlFjSx8lg/h3y3/hCwSk/G6RypOlLGqX69vfwS/+W/plziIOpY9z3VffxmOkacxQTrwfVw1VA=="
    }
  },
  "dependencies": {
    "@authing/miniapp-wx": {
      "version": "5.1.2",
      "resolved": "https://registry.npmjs.org/@authing/miniapp-wx/-/miniapp-wx-5.1.2.tgz",
      "integrity": "sha512-Ak1Br1hvMwX5oRZsFGqm41jZKOjmzn2MKtFZ7o5jXuMzDDMPLsCt9O72+uNVWZubKbKY4UQ2kS1NDd6lnkfLww=="
    },
    "@vant/weapp": {
      "version": "1.10.10",
      "resolved": "https://registry.npmjs.org/@vant/weapp/-/weapp-1.10.10.tgz",
      "integrity": "sha512-rNE38/xO/GChOAlFjSx8lg/h3y3/hCwSk/G6RypOlLGqX69vfwS/+W/plziIOpY9z3VffxmOkacxQTrwfVw1VA=="
    }
  }
}
